// !$*UTF8*$!
{ archiveVersion = 1; classes = {
	};
	objectVersion = 54; objects = { /* Begin PBXBuildFile section */ A10001 /* AkliRadioApp.swift in Sources */ = {isa = 
		PBXBuildFile; fileRef = A10002 /* AkliRadioApp.swift */; }; A10003 /* ContentView.swift in Sources */ = {isa = 
		PBXBuildFile; fileRef = A10004 /* ContentView.swift */; }; A10005 /* CarPlaySceneDelegate.swift in Sources */ = 
		{isa = PBXBuildFile; fileRef = A10006 /* CarPlaySceneDelegate.swift */; };
/* End PBXBuildFile section */ /* Begin PBXFileReference section */ A10002 /* AkliRadioApp.swift */ = {isa = PBXFileReference; 
		lastKnownFileType = sourcecode.swift; path = AkliRadioApp.swift; sourceTree = "<group>"; }; A10004 /* 
		ContentView.swift */ = {isa = PBXFileReference; lastKnownFileType = sourcecode.swift; path = ContentView.swift; 
		sourceTree = "<group>"; }; A10006 /* CarPlaySceneDelegate.swift */ = {isa = PBXFileReference; lastKnownFileType 
		= sourcecode.swift; path = CarPlaySceneDelegate.swift; sourceTree = "<group>"; }; A10007 /* AkliRadio.app */ = 
		{isa = PBXFileReference; explicitFileType = wrapper.application; includeInIndex = 0; path = AkliRadio.app; 
		sourceTree = BUILT_PRODUCTS_DIR; }; A10008 /* Info.plist */ = {isa = PBXFileReference; lastKnownFileType = 
		text.plist.xml; path = Info.plist; sourceTree = "<group>"; };
/* End PBXFileReference section */ /* Begin PBXFrameworksBuildPhase section */ A10009 /* Frameworks */ = { isa = 
			PBXFrameworksBuildPhase; buildActionMask = 2147483647; files = ( ); runOnlyForDeploymentPostprocessing 
			= 0;
		};
/* End PBXFrameworksBuildPhase section */ /* Begin PBXGroup section */ A1000A = { isa = PBXGroup; children = ( A1000B /* 
				AkliRadio */, A1000C /* Products */,
			); sourceTree = "<group>";
		};
		A1000B /* AkliRadio */ = { isa = PBXGroup; children = ( A10002 /* AkliRadioApp.swift */, A10004 /* 
				ContentView.swift */, A10006 /* CarPlaySceneDelegate.swift */, A10008 /* Info.plist */,
			); path = AkliRadio; sourceTree = "<group>";
		};
		A1000C /* Products */ = { isa = PBXGroup; children = ( A10007 /* AkliRadio.app */, ); name = Products; 
			sourceTree = "<group>";
		};
/* End PBXGroup section */ /* Begin PBXNativeTarget section */ A1000D /* AkliRadio */ = { isa = PBXNativeTarget; 
			buildConfigurationList = A1000E /* Build configuration list for PBXNativeTarget "AkliRadio" */; 
			buildPhases = (
				A1000F /* Sources */, A10009 /* Frameworks */, A10010 /* Resources */, ); buildRules = ( ); 
			dependencies = ( ); name = AkliRadio; productName = AkliRadio; productReference = A10007 /* 
			AkliRadio.app */; productType = "com.apple.product-type.application";
		};
/* End PBXNativeTarget section */ /* Begin PBXProject section */ A10011 /* Project object */ = { isa = PBXProject; attributes = 
			{
				LastSwiftUpdateCheck = 1400; LastUpgradeCheck = 1400; TargetAttributes = { A1000D = { 
						CreatedOnToolsVersion = 14.0;
					};
				};
			};
			buildConfigurationList = A10012 /* Build configuration list for PBXProject "AkliRadio" */; 
			compatibilityVersion = "Xcode 13.0"; developmentRegion = en; hasScannedForEncodings = 0; knownRegions = 
			(
				en, Base, ); mainGroup = A1000A; productRefGroup = A1000C /* Products */; projectDirPath = ""; 
			projectRoot = ""; targets = (
				A1000D /* AkliRadio */, );
		};
/* End PBXProject section */ /* Begin PBXResourcesBuildPhase section */ A10010 /* Resources */ = { isa = 
			PBXResourcesBuildPhase; buildActionMask = 2147483647; files = ( ); runOnlyForDeploymentPostprocessing = 
			0;
		};
/* End PBXResourcesBuildPhase section */ /* Begin PBXSourcesBuildPhase section */ A1000F /* Sources */ = { isa = 
			PBXSourcesBuildPhase; buildActionMask = 2147483647; files = (
				A10001 /* AkliRadioApp.swift in Sources */, A10003 /* ContentView.swift in Sources */, A10005 
				/* CarPlaySceneDelegate.swift in Sources */,
			); runOnlyForDeploymentPostprocessing = 0;
		};
/* End PBXSourcesBuildPhase section */ /* Begin XCBuildConfiguration section */ A10013 /* Debug */ = { isa = 
			XCBuildConfiguration; buildSettings = {
				ALWAYS_SEARCH_USER_PATHS = NO; CLANG_ANALYZER_NONNULL = YES; CLANG_CXX_LANGUAGE_STANDARD = 
				"gnu++17"; CLANG_ENABLE_MODULES = YES; CLANG_ENABLE_OBJC_ARC = YES; COPY_PHASE_STRIP = NO; 
				DEBUG_INFORMATION_FORMAT = dwarf; ENABLE_STRICT_OBJC_MSGSEND = YES; ENABLE_TESTABILITY = YES; 
				GCC_C_LANGUAGE_STANDARD = gnu11; GCC_OPTIMIZATION_LEVEL = 0; IPHONEOS_DEPLOYMENT_TARGET = 14.0; 
				MTL_ENABLE_DEBUG_INFO = INCLUDE_SOURCE; ONLY_ACTIVE_ARCH = YES; SDKROOT = iphoneos; 
				SWIFT_ACTIVE_COMPILATION_CONDITIONS = DEBUG; SWIFT_OPTIMIZATION_LEVEL = "-Onone";
			};
			name = Debug;
		};
		A10014 /* Release */ = { isa = XCBuildConfiguration; buildSettings = { ALWAYS_SEARCH_USER_PATHS = NO; 
				CLANG_ANALYZER_NONNULL = YES; CLANG_CXX_LANGUAGE_STANDARD = "gnu++17"; CLANG_ENABLE_MODULES = 
				YES; CLANG_ENABLE_OBJC_ARC = YES; COPY_PHASE_STRIP = NO; DEBUG_INFORMATION_FORMAT = 
				"dwarf-with-dsym"; ENABLE_NS_ASSERTIONS = NO; ENABLE_STRICT_OBJC_MSGSEND = YES; 
				GCC_C_LANGUAGE_STANDARD = gnu11; IPHONEOS_DEPLOYMENT_TARGET = 14.0; MTL_ENABLE_DEBUG_INFO = NO; 
				SDKROOT = iphoneos; SWIFT_COMPILATION_MODE = wholemodule; SWIFT_OPTIMIZATION_LEVEL = "-O"; 
				VALIDATE_PRODUCT = YES;
			};
			name = Release;
		};
		A10015 /* Debug */ = { isa = XCBuildConfiguration; buildSettings = { ASSETCATALOG_COMPILER_APPICON_NAME = 
				AppIcon; CODE_SIGN_STYLE = Automatic; CURRENT_PROJECT_VERSION = 1; DEVELOPMENT_TEAM = ""; 
				INFOPLIST_FILE = AkliRadio/Info.plist; IPHONEOS_DEPLOYMENT_TARGET = 14.0; 
				LD_RUNPATH_SEARCH_PATHS = (
					"$(inherited)", "@executable_path/Frameworks", ); MARKETING_VERSION = 1.0; 
				PRODUCT_BUNDLE_IDENTIFIER = com.akli.radio; PRODUCT_NAME = "$(TARGET_NAME)"; 
				SWIFT_EMIT_LOC_STRINGS = YES; SWIFT_VERSION = 5.0; TARGETED_DEVICE_FAMILY = "1,2";
			};
			name = Debug;
		};
		A10016 /* Release */ = { isa = XCBuildConfiguration; buildSettings = { ASSETCATALOG_COMPILER_APPICON_NAME = 
				AppIcon; CODE_SIGN_STYLE = Automatic; CURRENT_PROJECT_VERSION = 1; DEVELOPMENT_TEAM = ""; 
				INFOPLIST_FILE = AkliRadio/Info.plist; IPHONEOS_DEPLOYMENT_TARGET = 14.0; 
				LD_RUNPATH_SEARCH_PATHS = (
					"$(inherited)", "@executable_path/Frameworks", ); MARKETING_VERSION = 1.0; 
				PRODUCT_BUNDLE_IDENTIFIER = com.akli.radio; PRODUCT_NAME = "$(TARGET_NAME)"; 
				SWIFT_EMIT_LOC_STRINGS = YES; SWIFT_VERSION = 5.0; TARGETED_DEVICE_FAMILY = "1,2";
			};
			name = Release;
		};
/* End XCBuildConfiguration section */ /* Begin XCConfigurationList section */ A1000E /* Build configuration list for 
		PBXNativeTarget "AkliRadio" */ = {
			isa = XCConfigurationList; buildConfigurations = ( A10015 /* Debug */, A10016 /* Release */, ); 
			defaultConfigurationIsVisible = 0; defaultConfigurationName = Release;
		};
		A10012 /* Build configuration list for PBXProject "AkliRadio" */ = { isa = XCConfigurationList; 
			buildConfigurations = (
				A10013 /* Debug */, A10014 /* Release */, ); defaultConfigurationIsVisible = 0; 
			defaultConfigurationName = Release;
		};
/* End XCConfigurationList section */
	};
	rootObject = A10011 /* Project object */;
}

